
Microsoft Visual Studio Solution File, Format Version 12.00
# Visual Studio Version 17
VisualStudioVersion = 17.2.32526.322
MinimumVisualStudioVersion = 10.0.40219.1
Project("{2150E333-8FDC-42A3-9474-1A3956D46DE8}") = "ContactService", "ContactService", "{30C62D61-AFF2-4F25-9908-A9762B7C5112}"
EndProject
Project("{9A19103F-16F7-4668-BE54-9A1E7A4F7556}") = "ContactService.UI", "ContactService\ContactService.UI\ContactService.UI.csproj", "{5D3BD1F0-731A-455D-8C7E-1FC36345982F}"
EndProject
Project("{9A19103F-16F7-4668-BE54-9A1E7A4F7556}") = "ContactService.Service.Test", "ContactService\ContactService.Service.Test\ContactService.Service.Test.csproj", "{21BA3180-BB28-4493-9C09-54EA263AF503}"
EndProject
Project("{9A19103F-16F7-4668-BE54-9A1E7A4F7556}") = "ContactService.Service", "ContactService\ContactService.Service\ContactService.Service.csproj", "{A85CDAEF-4028-4E15-93F6-9B3A5BB906FA}"
EndProject
Project("{9A19103F-16F7-4668-BE54-9A1E7A4F7556}") = "ContactService.DataAccess", "ContactService\ContactService.DataAccess\ContactService.DataAccess.csproj", "{E65DD90F-9EC2-44A5-BE1E-C1AFDF8AF0D0}"
EndProject
Project("{9A19103F-16F7-4668-BE54-9A1E7A4F7556}") = "RiseTechDemoApp.Domain", "RiseTechDemoApp.Domain\RiseTechDemoApp.Domain.csproj", "{B1488111-13FB-495B-8CB5-C5AA8E3229EF}"
EndProject
Global
	GlobalSection(SolutionConfigurationPlatforms) = preSolution
		Debug|Any CPU = Debug|Any CPU
		Release|Any CPU = Release|Any CPU
	EndGlobalSection
	GlobalSection(ProjectConfigurationPlatforms) = postSolution
		{5D3BD1F0-731A-455D-8C7E-1FC36345982F}.Debug|Any CPU.ActiveCfg = Debug|Any CPU
		{5D3BD1F0-731A-455D-8C7E-1FC36345982F}.Debug|Any CPU.Build.0 = Debug|Any CPU
		{5D3BD1F0-731A-455D-8C7E-1FC36345982F}.Release|Any CPU.ActiveCfg = Release|Any CPU
		{5D3BD1F0-731A-455D-8C7E-1FC36345982F}.Release|Any CPU.Build.0 = Release|Any CPU
		{21BA3180-BB28-4493-9C09-54EA263AF503}.Debug|Any CPU.ActiveCfg = Debug|Any CPU
		{21BA3180-BB28-4493-9C09-54EA263AF503}.Debug|Any CPU.Build.0 = Debug|Any CPU
		{21BA3180-BB28-4493-9C09-54EA263AF503}.Release|Any CPU.ActiveCfg = Release|Any CPU
		{21BA3180-BB28-4493-9C09-54EA263AF503}.Release|Any CPU.Build.0 = Release|Any CPU
		{A85CDAEF-4028-4E15-93F6-9B3A5BB906FA}.Debug|Any CPU.ActiveCfg = Debug|Any CPU
		{A85CDAEF-4028-4E15-93F6-9B3A5BB906FA}.Debug|Any CPU.Build.0 = Debug|Any CPU
		{A85CDAEF-4028-4E15-93F6-9B3A5BB906FA}.Release|Any CPU.ActiveCfg = Release|Any CPU
		{A85CDAEF-4028-4E15-93F6-9B3A5BB906FA}.Release|Any CPU.Build.0 = Release|Any CPU
		{E65DD90F-9EC2-44A5-BE1E-C1AFDF8AF0D0}.Debug|Any CPU.ActiveCfg = Debug|Any CPU
		{E65DD90F-9EC2-44A5-BE1E-C1AFDF8AF0D0}.Debug|Any CPU.Build.0 = Debug|Any CPU
		{E65DD90F-9EC2-44A5-BE1E-C1AFDF8AF0D0}.Release|Any CPU.ActiveCfg = Release|Any CPU
		{E65DD90F-9EC2-44A5-BE1E-C1AFDF8AF0D0}.Release|Any CPU.Build.0 = Release|Any CPU
		{B1488111-13FB-495B-8CB5-C5AA8E3229EF}.Debug|Any CPU.ActiveCfg = Debug|Any CPU
		{B1488111-13FB-495B-8CB5-C5AA8E3229EF}.Debug|Any CPU.Build.0 = Debug|Any CPU
		{B1488111-13FB-495B-8CB5-C5AA8E3229EF}.Release|Any CPU.ActiveCfg = Release|Any CPU
		{B1488111-13FB-495B-8CB5-C5AA8E3229EF}.Release|Any CPU.Build.0 = Release|Any CPU
	EndGlobalSection
	GlobalSection(SolutionProperties) = preSolution
		HideSolutionNode = FALSE
	EndGlobalSection
	GlobalSection(NestedProjects) = preSolution
		{5D3BD1F0-731A-455D-8C7E-1FC36345982F} = {30C62D61-AFF2-4F25-9908-A9762B7C5112}
		{21BA3180-BB28-4493-9C09-54EA263AF503} = {30C62D61-AFF2-4F25-9908-A9762B7C5112}
		{A85CDAEF-4028-4E15-93F6-9B3A5BB906FA} = {30C62D61-AFF2-4F25-9908-A9762B7C5112}
		{E65DD90F-9EC2-44A5-BE1E-C1AFDF8AF0D0} = {30C62D61-AFF2-4F25-9908-A9762B7C5112}
	EndGlobalSection
	GlobalSection(ExtensibilityGlobals) = postSolution
		SolutionGuid = {E5EAA9BA-10DE-41C1-B42D-5FDC94EB2F31}
	EndGlobalSection
EndGlobal
